// !$*UTF8*$!
{
	archiveVersion = 1;
	classes = {
	};
	objectVersion = 46;
	objects = {

/* Begin PBXBuildFile section */
		69B42BB21E5B5BF90028242A /* main.m in Sources */ = {isa = PBXBuildFile; fileRef = 69B42BB11E5B5BF90028242A /* main.m */; };
		69B42BB51E5B5BF90028242A /* AppDelegate.m in Sources */ = {isa = PBXBuildFile; fileRef = 69B42BB41E5B5BF90028242A /* AppDelegate.m */; };
		69B42BB81E5B5BF90028242A /* ViewController.m in Sources */ = {isa = PBXBuildFile; fileRef = 69B42BB71E5B5BF90028242A /* ViewController.m */; };
		69B42BBB1E5B5BF90028242A /* Main.storyboard in Resources */ = {isa = PBXBuildFile; fileRef = 69B42BB91E5B5BF90028242A /* Main.storyboard */; };
		69B42BBD1E5B5BFA0028242A /* Assets.xcassets in Resources */ = {isa = PBXBuildFile; fileRef = 69B42BBC1E5B5BFA0028242A /* Assets.xcassets */; };
		69B42BC01E5B5BFA0028242A /* LaunchScreen.storyboard in Resources */ = {isa = PBXBuildFile; fileRef = 69B42BBE1E5B5BFA0028242A /* LaunchScreen.storyboard */; };
/* End PBXBuildFile section */

/* Begin PBXFileReference section */
		69B42BAD1E5B5BF90028242A /* Shutterbug.app */ = {isa = PBXFileReference; explicitFileType = wrapper.application; includeInIndex = 0; path = Shutterbug.app; sourceTree = BUILT_PRODUCTS_DIR; };
		69B42BB11E5B5BF90028242A /* main.m */ = {isa = PBXFileReference; lastKnownFileType = sourcecode.c.objc; path = main.m; sourceTree = "<group>"; };
		69B42BB31E5B5BF90028242A /* AppDelegate.h */ = {isa = PBXFileReference; lastKnownFileType = sourcecode.c.h; path = AppDelegate.h; sourceTree = "<group>"; };
		69B42BB41E5B5BF90028242A /* AppDelegate.m */ = {isa = PBXFileReference; lastKnownFileType = sourcecode.c.objc; path = AppDelegate.m; sourceTree = "<group>"; };
		69B42BB61E5B5BF90028242A /* ViewController.h */ = {isa = PBXFileReference; lastKnownFileType = sourcecode.c.h; path = ViewController.h; sourceTree = "<group>"; };
		69B42BB71E5B5BF90028242A /* ViewController.m */ = {isa = PBXFileReference; lastKnownFileType = sourcecode.c.objc; path = ViewController.m; sourceTree = "<group>"; };
		69B42BBA1E5B5BF90028242A /* Base */ = {isa = PBXFileReference; lastKnownFileType = file.storyboard; name = Base; path = Base.lproj/Main.storyboard; sourceTree = "<group>"; };
		69B42BBC1E5B5BFA0028242A /* Assets.xcassets */ = {isa = PBXFileReference; lastKnownFileType = folder.assetcatalog; path = Assets.xcassets; sourceTree = "<group>"; };
		69B42BBF1E5B5BFA0028242A /* Base */ = {isa = PBXFileReference; lastKnownFileType = file.storyboard; name = Base; path = Base.lproj/LaunchScreen.storyboard; sourceTree = "<group>"; };
		69B42BC11E5B5BFA0028242A /* Info.plist */ = {isa = PBXFileReference; lastKnownFileType = text.plist.xml; path = Info.plist; sourceTree = "<group>"; };
/* End PBXFileReference section */

/* Begin PBXFrameworksBuildPhase section */
		69B42BAA1E5B5BF90028242A /* Frameworks */ = {
			isa = PBXFrameworksBuildPhase;
			buildActionMask = 2147483647;
			files = (
			);
			runOnlyForDeploymentPostprocessing = 0;
		};
/* End PBXFrameworksBuildPhase section */

/* Begin PBXGroup section */
		69B42BA41E5B5BF90028242A = {
			isa = PBXGroup;
			children = (
				69B42BAF1E5B5BF90028242A /* Shutterbug */,
				69B42BAE1E5B5BF90028242A /* Products */,
			);
			sourceTree = "<group>";
		};
		69B42BAE1E5B5BF90028242A /* Products */ = {
			isa = PBXGroup;
			children = (
				69B42BAD1E5B5BF90028242A /* Shutterbug.app */,
			);
			name = Products;
			sourceTree = "<group>";
		};
		69B42BAF1E5B5BF90028242A /* Shutterbug */ = {
			isa = PBXGroup;
			children = (
				69B42BB31E5B5BF90028242A /* AppDelegate.h */,
				69B42BB41E5B5BF90028242A /* AppDelegate.m */,
				69B42BB61E5B5BF90028242A /* ViewController.h */,
				69B42BB71E5B5BF90028242A /* ViewController.m */,
				69B42BB91E5B5BF90028242A /* Main.storyboard */,
				69B42BBC1E5B5BFA0028242A /* Assets.xcassets */,
				69B42BBE1E5B5BFA0028242A /* LaunchScreen.storyboard */,
				69B42BC11E5B5BFA0028242A /* Info.plist */,
				69B42BB01E5B5BF90028242A /* Supporting Files */,
			);
			path = Shutterbug;
			sourceTree = "<group>";
		};
		69B42BB01E5B5BF90028242A /* Supporting Files */ = {
			isa = PBXGroup;
			children = (
				69B42BB11E5B5BF90028242A /* main.m */,
			);
			name = "Supporting Files";
			sourceTree = "<group>";
		};
/* End PBXGroup section */

/* Begin PBXNativeTarget section */
		69B42BAC1E5B5BF90028242A /* Shutterbug */ = {
			isa = PBXNativeTarget;
			buildConfigurationList = 69B42BC41E5B5BFA0028242A /* Build configuration list for PBXNativeTarget "Shutterbug" */;
			buildPhases = (
				69B42BA91E5B5BF90028242A /* Sources */,
				69B42BAA1E5B5BF90028242A /* Frameworks */,
				69B42BAB1E5B5BF90028242A /* Resources */,
			);
			buildRules = (
			);
			dependencies = (
			);
			name = Shutterbug;
			productName = Shutterbug;
			productReference = 69B42BAD1E5B5BF90028242A /* Shutterbug.app */;
			productType = "com.apple.product-type.application";
		};
/* End PBXNativeTarget section */

/* Begin PBXProject section */
		69B42BA51E5B5BF90028242A /* Project object */ = {
			isa = PBXProject;
			attributes = {
				LastUpgradeCheck = 0820;
				ORGANIZATIONNAME = "CI&T";
				TargetAttributes = {
					69B42BAC1E5B5BF90028242A = {
						CreatedOnToolsVersion = 8.2.1;
						ProvisioningStyle = Automatic;
					};
				};
			};
			buildConfigurationList = 69B42BA81E5B5BF90028242A /* Build configuration list for PBXProject "Shutterbug" */;
			compatibilityVersion = "Xcode 3.2";
			developmentRegion = English;
			hasScannedForEncodings = 0;
			knownRegions = (
				en,
				Base,
			);
			mainGroup = 69B42BA41E5B5BF90028242A;
			productRefGroup = 69B42BAE1E5B5BF90028242A /* Products */;
			projectDirPath = "";
			projectRoot = "";
			targets = (
				69B42BAC1E5B5BF90028242A /* Shutterbug */,
			);
		};
/* End PBXProject section */

/* Begin PBXResourcesBuildPhase section */
		69B42BAB1E5B5BF90028242A /* Resources */ = {
			isa = PBXResourcesBuildPhase;
			buildActionMask = 2147483647;
			files = (
				69B42BC01E5B5BFA0028242A /* LaunchScreen.storyboard in Resources */,
				69B42BBD1E5B5BFA0028242A /* Assets.xcassets in Resources */,
				69B42BBB1E5B5BF90028242A /* Main.storyboard in Resources */,
			);
			runOnlyForDeploymentPostprocessing = 0;
		};
/* End PBXResourcesBuildPhase section */

/* Begin PBXSourcesBuildPhase section */
		69B42BA91E5B5BF90028242A /* Sources */ = {
			isa = PBXSourcesBuildPhase;
			buildActionMask = 2147483647;
			files = (
				69B42BB81E5B5BF90028242A /* ViewController.m in Sources */,
				69B42BB51E5B5BF90028242A /* AppDelegate.m in Sources */,
				69B42BB21E5B5BF90028242A /* main.m in Sources */,
			);
			runOnlyForDeploymentPostprocessing = 0;
		};
/* End PBXSourcesBuildPhase section */

/* Begin PBXVariantGroup section */
		69B42BB91E5B5BF90028242A /* Main.storyboard */ = {
			isa = PBXVariantGroup;
			children = (
				69B42BBA1E5B5BF90028242A /* Base */,
			);
			name = Main.storyboard;
			sourceTree = "<group>";
		};
		69B42BBE1E5B5BFA0028242A /* LaunchScreen.storyboard */ = {
			isa = PBXVariantGroup;
			children = (
				69B42BBF1E5B5BFA0028242A /* Base */,
			);
			name = LaunchScreen.storyboard;
			sourceTree = "<group>";
		};
/* End PBXVariantGroup section */

/* Begin XCBuildConfiguration section */
		69B42BC21E5B5BFA0028242A /* Debug */ = {
			isa = XCBuildConfiguration;
			buildSettings = {
				ALWAYS_SEARCH_USER_PATHS = NO;
				CLANG_ANALYZER_NONNULL = YES;
				CLANG_CXX_LANGUAGE_STANDARD = "gnu++0x";
				CLANG_CXX_LIBRARY = "libc++";
				CLANG_ENABLE_MODULES = YES;
				CLANG_ENABLE_OBJC_ARC = YES;
				CLANG_WARN_BOOL_CONVERSION = YES;
				CLANG_WARN_CONSTANT_CONVERSION = YES;
				CLANG_WARN_DIRECT_OBJC_ISA_USAGE = YES_ERROR;
				CLANG_WARN_DOCUMENTATION_COMMENTS = YES;
				CLANG_WARN_EMPTY_BODY = YES;
				CLANG_WARN_ENUM_CONVERSION = YES;
				CLANG_WARN_INFINITE_RECURSION = YES;
				CLANG_WARN_INT_CONVERSION = YES;
				CLANG_WARN_OBJC_ROOT_CLASS = YES_ERROR;
				CLANG_WARN_SUSPICIOUS_MOVE = YES;
				CLANG_WARN_UNREACHABLE_CODE = YES;
				CLANG_WARN__DUPLICATE_METHOD_MATCH = YES;
				"CODE_SIGN_IDENTITY[sdk=iphoneos*]" = "iPhone Developer";
				COPY_PHASE_STRIP = NO;
				DEBUG_INFORMATION_FORMAT = dwarf;
				ENABLE_STRICT_OBJC_MSGSEND = YES;
				ENABLE_TESTABILITY = YES;
				GCC_C_LANGUAGE_STANDARD = gnu99;
				GCC_DYNAMIC_NO_PIC = NO;
				GCC_NO_COMMON_BLOCKS = YES;
				GCC_OPTIMIZATION_LEVEL = 0;
				GCC_PREPROCESSOR_DEFINITIONS = (
					"DEBUG=1",
					"$(inherited)",
				);
				GCC_WARN_64_TO_32_BIT_CONVERSION = YES;
				GCC_WARN_ABOUT_RETURN_TYPE = YES_ERROR;
				GCC_WARN_UNDECLARED_SELECTOR = YES;
				GCC_WARN_UNINITIALIZED_AUTOS = YES_AGGRESSIVE;
				GCC_WARN_UNUSED_FUNCTION = YES;
				GCC_WARN_UNUSED_VARIABLE = YES;
				IPHONEOS_DEPLOYMENT_TARGET = 10.2;
				MTL_ENABLE_DEBUG_INFO = YES;
				ONLY_ACTIVE_ARCH = YES;
				SDKROOT = iphoneos;
				TARGETED_DEVICE_FAMILY = "1,2";
			};
			name = Debug;
		};
		69B42BC31E5B5BFA0028242A /* Release */ = {
			isa = XCBuildConfiguration;
			buildSettings = {
				ALWAYS_SEARCH_USER_PATHS = NO;
				CLANG_ANALYZER_NONNULL = YES;
				CLANG_CXX_LANGUAGE_STANDARD = "gnu++0x";
				CLANG_CXX_LIBRARY = "libc++";
				CLANG_ENABLE_MODULES = YES;
				CLANG_ENABLE_OBJC_ARC = YES;
				CLANG_WARN_BOOL_CONVERSION = YES;
				CLANG_WARN_CONSTANT_CONVERSION = YES;
				CLANG_WARN_DIRECT_OBJC_ISA_USAGE = YES_ERROR;
				CLANG_WARN_DOCUMENTATION_COMMENTS = YES;
				CLANG_WARN_EMPTY_BODY = YES;
				CLANG_WARN_ENUM_CONVERSION = YES;
				CLANG_WARN_INFINITE_RECURSION = YES;
				CLANG_WARN_INT_CONVERSION = YES;
				CLANG_WARN_OBJC_ROOT_CLASS = YES_ERROR;
				CLANG_WARN_SUSPICIOUS_MOVE = YES;
				CLANG_WARN_UNREACHABLE_CODE = YES;
				CLANG_WARN__DUPLICATE_METHOD_MATCH = YES;
				"CODE_SIGN_IDENTITY[sdk=iphoneos*]" = "iPhone Developer";
				COPY_PHASE_STRIP = NO;
				DEBUG_INFORMATION_FORMAT = "dwarf-with-dsym";
				ENABLE_NS_ASSERTIONS = NO;
				ENABLE_STRICT_OBJC_MSGSEND = YES;
				GCC_C_LANGUAGE_STANDARD = gnu99;
				GCC_NO_COMMON_BLOCKS = YES;
				GCC_WARN_64_TO_32_BIT_CONVERSION = YES;
				GCC_WARN_ABOUT_RETURN_TYPE = YES_ERROR;
				GCC_WARN_UNDECLARED_SELECTOR = YES;
				GCC_WARN_UNINITIALIZED_AUTOS = YES_AGGRESSIVE;
				GCC_WARN_UNUSED_FUNCTION = YES;
				GCC_WARN_UNUSED_VARIABLE = YES;
				IPHONEOS_DEPLOYMENT_TARGET = 10.2;
				MTL_ENABLE_DEBUG_INFO = NO;
				SDKROOT = iphoneos;
				TARGETED_DEVICE_FAMILY = "1,2";
				VALIDATE_PRODUCT = YES;
			};
			name = Release;
		};
		69B42BC51E5B5BFA0028242A /* Debug */ = {
			isa = XCBuildConfiguration;
			buildSettings = {
				ASSETCATALOG_COMPILER_APPICON_NAME = AppIcon;
				INFOPLIST_FILE = Shutterbug/Info.plist;
				LD_RUNPATH_SEARCH_PATHS = "$(inherited) @executable_path/Frameworks";
				PRODUCT_BUNDLE_IDENTIFIER = com.ciandt.apple.ios.apps.Shutterbug;
				PRODUCT_NAME = "$(TARGET_NAME)";
				TARGETED_DEVICE_FAMILY = "1,2";
			};
			name = Debug;
		};
		69B42BC61E5B5BFA0028242A /* Release */ = {
			isa = XCBuildConfiguration;
			buildSettings = {
				ASSETCATALOG_COMPILER_APPICON_NAME = AppIcon;
				INFOPLIST_FILE = Shutterbug/Info.plist;
				LD_RUNPATH_SEARCH_PATHS = "$(inherited) @executable_path/Frameworks";
				PRODUCT_BUNDLE_IDENTIFIER = com.ciandt.apple.ios.apps.Shutterbug;
				PRODUCT_NAME = "$(TARGET_NAME)";
				TARGETED_DEVICE_FAMILY = "1,2";
			};
			name = Release;
		};
/* End XCBuildConfiguration section */

/* Begin XCConfigurationList section */
		69B42BA81E5B5BF90028242A /* Build configuration list for PBXProject "Shutterbug" */ = {
			isa = XCConfigurationList;
			buildConfigurations = (
				69B42BC21E5B5BFA0028242A /* Debug */,
				69B42BC31E5B5BFA0028242A /* Release */,
			);
			defaultConfigurationIsVisible = 0;
			defaultConfigurationName = Release;
		};
		69B42BC41E5B5BFA0028242A /* Build configuration list for PBXNativeTarget "Shutterbug" */ = {
			isa = XCConfigurationList;
			buildConfigurations = (
				69B42BC51E5B5BFA0028242A /* Debug */,
				69B42BC61E5B5BFA0028242A /* Release */,
			);
			defaultConfigurationIsVisible = 0;
		};
/* End XCConfigurationList section */
	};
	rootObject = 69B42BA51E5B5BF90028242A /* Project object */;
}
